
Microsoft Visual Studio Solution File, Format Version 12.00
# Visual Studio Version 17
VisualStudioVersion = 17.5.33627.172
MinimumVisualStudioVersion = 10.0.40219.1
Project("{FAE04EC0-301F-11D3-BF4B-00C04F79EFBC}") = "API", "API\API.csproj", "{434A7279-B9A3-4B84-8D54-7AF83B0099F2}"
EndProject
Global
	GlobalSection(SolutionConfigurationPlatforms) = preSolution
		Debug|Any CPU = Debug|Any CPU
		Release|Any CPU = Release|Any CPU
	EndGlobalSection
	GlobalSection(ProjectConfigurationPlatforms) = postSolution
		{434A7279-B9A3-4B84-8D54-7AF83B0099F2}.Debug|Any CPU.ActiveCfg = Debug|Any CPU
		{434A7279-B9A3-4B84-8D54-7AF83B0099F2}.Debug|Any CPU.Build.0 = Debug|Any CPU
		{434A7279-B9A3-4B84-8D54-7AF83B0099F2}.Release|Any CPU.ActiveCfg = Release|Any CPU
		{434A7279-B9A3-4B84-8D54-7AF83B0099F2}.Release|Any CPU.Build.0 = Release|Any CPU
	EndGlobalSection
	GlobalSection(SolutionProperties) = preSolution
		HideSolutionNode = FALSE
	EndGlobalSection
	GlobalSection(ExtensibilityGlobals) = postSolution
		SolutionGuid = {4C9D3936-6AD5-40E9-ABA3-89DDC2E23E23}
	EndGlobalSection
EndGlobal
